
Microsoft Visual Studio Solution File, Format Version 12.00
# Visual Studio Version 17
VisualStudioVersion = 17.9.34607.119
MinimumVisualStudioVersion = 10.0.40219.1
Project("{FAE04EC0-301F-11D3-BF4B-00C04F79EFBC}") = "-unclosable-", "-unclosable-\-unclosable-.csproj", "{87FA9308-90E3-4D86-9175-E907B4958FD9}"
EndProject
Global
	GlobalSection(SolutionConfigurationPlatforms) = preSolution
		Debug|Any CPU = Debug|Any CPU
		Release|Any CPU = Release|Any CPU
	EndGlobalSection
	GlobalSection(ProjectConfigurationPlatforms) = postSolution
		{87FA9308-90E3-4D86-9175-E907B4958FD9}.Debug|Any CPU.ActiveCfg = Debug|Any CPU
		{87FA9308-90E3-4D86-9175-E907B4958FD9}.Debug|Any CPU.Build.0 = Debug|Any CPU
		{87FA9308-90E3-4D86-9175-E907B4958FD9}.Release|Any CPU.ActiveCfg = Release|Any CPU
		{87FA9308-90E3-4D86-9175-E907B4958FD9}.Release|Any CPU.Build.0 = Release|Any CPU
	EndGlobalSection
	GlobalSection(SolutionProperties) = preSolution
		HideSolutionNode = FALSE
	EndGlobalSection
	GlobalSection(ExtensibilityGlobals) = postSolution
		SolutionGuid = {8E7C6FC8-BC1B-48A9-A237-1C76B6C3F7F0}
	EndGlobalSection
EndGlobal
